// !$*UTF8*$!
{
	archiveVersion = 1;
	classes = {
	};
	objectVersion = 46;
	objects = {

/* Begin PBXBuildFile section */
		880F6B4D1D8060E000196090 /* main.m in Sources */ = {isa = PBXBuildFile; fileRef = 880F6B4C1D8060E000196090 /* main.m */; };
		880F6B501D8060E000196090 /* AppDelegate.m in Sources */ = {isa = PBXBuildFile; fileRef = 880F6B4F1D8060E000196090 /* AppDelegate.m */; };
		880F6B531D8060E000196090 /* ViewController.m in Sources */ = {isa = PBXBuildFile; fileRef = 880F6B521D8060E000196090 /* ViewController.m */; };
		880F6B561D8060E000196090 /* Main.storyboard in Resources */ = {isa = PBXBuildFile; fileRef = 880F6B541D8060E000196090 /* Main.storyboard */; };
		880F6B591D8060E000196090 /* Kouleur.xcdatamodeld in Sources */ = {isa = PBXBuildFile; fileRef = 880F6B571D8060E000196090 /* Kouleur.xcdatamodeld */; };
		880F6B5B1D8060E000196090 /* Assets.xcassets in Resources */ = {isa = PBXBuildFile; fileRef = 880F6B5A1D8060E000196090 /* Assets.xcassets */; };
		880F6B5E1D8060E000196090 /* LaunchScreen.storyboard in Resources */ = {isa = PBXBuildFile; fileRef = 880F6B5C1D8060E000196090 /* LaunchScreen.storyboard */; };
		880F6B691D8060E000196090 /* KouleurTests.m in Sources */ = {isa = PBXBuildFile; fileRef = 880F6B681D8060E000196090 /* KouleurTests.m */; };
		880F6B741D8060E000196090 /* KouleurUITests.m in Sources */ = {isa = PBXBuildFile; fileRef = 880F6B731D8060E000196090 /* KouleurUITests.m */; };
		880F6B991D80C3C400196090 /* cameraFocusSquaree.m in Sources */ = {isa = PBXBuildFile; fileRef = 880F6B981D80C3C400196090 /* cameraFocusSquaree.m */; };
		884B9A981DA4050C00F62390 /* AlbumsTableViewController.m in Sources */ = {isa = PBXBuildFile; fileRef = 884B9A971DA4050C00F62390 /* AlbumsTableViewController.m */; };
		884B9A9C1DA40E4100F62390 /* PhotosViewController.m in Sources */ = {isa = PBXBuildFile; fileRef = 884B9A9B1DA40E4100F62390 /* PhotosViewController.m */; };
		884B9AA11DA40EF600F62390 /* PhotosCell.m in Sources */ = {isa = PBXBuildFile; fileRef = 884B9AA01DA40EF600F62390 /* PhotosCell.m */; };
		884B9AA51DA41F1900F62390 /* ConfirmViewController.m in Sources */ = {isa = PBXBuildFile; fileRef = 884B9AA41DA41F1900F62390 /* ConfirmViewController.m */; };
		884B9AA91DA41F7900F62390 /* roundedButton.m in Sources */ = {isa = PBXBuildFile; fileRef = 884B9AA81DA41F7900F62390 /* roundedButton.m */; };
		884B9AAC1DA43EDC00F62390 /* EditingViewController.m in Sources */ = {isa = PBXBuildFile; fileRef = 884B9AAB1DA43EDC00F62390 /* EditingViewController.m */; };
		885871CA1DB6E22B006250C4 /* CamViewController.m in Sources */ = {isa = PBXBuildFile; fileRef = 885871C81DB6E22B006250C4 /* CamViewController.m */; };
		885871CB1DB6E22B006250C4 /* CamViewController.xib in Resources */ = {isa = PBXBuildFile; fileRef = 885871C91DB6E22B006250C4 /* CamViewController.xib */; };
		885871D01DB6E357006250C4 /* IntroViewController.m in Sources */ = {isa = PBXBuildFile; fileRef = 885871CE1DB6E357006250C4 /* IntroViewController.m */; };
		885871D11DB6E357006250C4 /* IntroViewController.xib in Resources */ = {isa = PBXBuildFile; fileRef = 885871CF1DB6E357006250C4 /* IntroViewController.xib */; };
		88633ABD1DAF14F80097B617 /* ColorsViewController.m in Sources */ = {isa = PBXBuildFile; fileRef = 88633ABC1DAF14F80097B617 /* ColorsViewController.m */; };
		887AB5FB1DB0683900A3026C /* ColorsCollectionViewCell.m in Sources */ = {isa = PBXBuildFile; fileRef = 887AB5FA1DB0683900A3026C /* ColorsCollectionViewCell.m */; };
		8896D6621DB55C95000B53F0 /* GPUImage.framework in Frameworks */ = {isa = PBXBuildFile; fileRef = 8896D6611DB55C95000B53F0 /* GPUImage.framework */; };
		8896D6641DB55CF8000B53F0 /* CoreMedia.framework in Frameworks */ = {isa = PBXBuildFile; fileRef = 8896D6631DB55CF8000B53F0 /* CoreMedia.framework */; };
		8896D6661DB55D01000B53F0 /* CoreVideo.framework in Frameworks */ = {isa = PBXBuildFile; fileRef = 8896D6651DB55D01000B53F0 /* CoreVideo.framework */; };
		8896D6681DB55D0B000B53F0 /* OpenGLES.framework in Frameworks */ = {isa = PBXBuildFile; fileRef = 8896D6671DB55D0B000B53F0 /* OpenGLES.framework */; };
		8896D66A1DB55D15000B53F0 /* AVFoundation.framework in Frameworks */ = {isa = PBXBuildFile; fileRef = 8896D6691DB55D15000B53F0 /* AVFoundation.framework */; };
		8896D66C1DB55D1A000B53F0 /* QuartzCore.framework in Frameworks */ = {isa = PBXBuildFile; fileRef = 8896D66B1DB55D1A000B53F0 /* QuartzCore.framework */; };
		8896D6741DB5F6FD000B53F0 /* ShareViewController.m in Sources */ = {isa = PBXBuildFile; fileRef = 8896D6731DB5F6FC000B53F0 /* ShareViewController.m */; };
		92DDC49F7992809A8294DAEA /* Pods_Kouleur.framework in Frameworks */ = {isa = PBXBuildFile; fileRef = D53D1091FBADC1CA1B296EF6 /* Pods_Kouleur.framework */; };
/* End PBXBuildFile section */

/* Begin PBXContainerItemProxy section */
		880F6B651D8060E000196090 /* PBXContainerItemProxy */ = {
			isa = PBXContainerItemProxy;
			containerPortal = 880F6B401D8060DF00196090 /* Project object */;
			proxyType = 1;
			remoteGlobalIDString = 880F6B471D8060DF00196090;
			remoteInfo = Kouleur;
		};
		880F6B701D8060E000196090 /* PBXContainerItemProxy */ = {
			isa = PBXContainerItemProxy;
			containerPortal = 880F6B401D8060DF00196090 /* Project object */;
			proxyType = 1;
			remoteGlobalIDString = 880F6B471D8060DF00196090;
			remoteInfo = Kouleur;
		};
/* End PBXContainerItemProxy section */

/* Begin PBXFileReference section */
		3CC11A16A4343F8B9A70B7B6 /* Pods-Kouleur.release.xcconfig */ = {isa = PBXFileReference; includeInIndex = 1; lastKnownFileType = text.xcconfig; name = "Pods-Kouleur.release.xcconfig"; path = "Pods/Target Support Files/Pods-Kouleur/Pods-Kouleur.release.xcconfig"; sourceTree = "<group>"; };
		880F6B481D8060DF00196090 /* Kouleur.app */ = {isa = PBXFileReference; explicitFileType = wrapper.application; includeInIndex = 0; path = Kouleur.app; sourceTree = BUILT_PRODUCTS_DIR; };
		880F6B4C1D8060E000196090 /* main.m */ = {isa = PBXFileReference; lastKnownFileType = sourcecode.c.objc; path = main.m; sourceTree = "<group>"; };
		880F6B4E1D8060E000196090 /* AppDelegate.h */ = {isa = PBXFileReference; lastKnownFileType = sourcecode.c.h; path = AppDelegate.h; sourceTree = "<group>"; };
		880F6B4F1D8060E000196090 /* AppDelegate.m */ = {isa = PBXFileReference; lastKnownFileType = sourcecode.c.objc; path = AppDelegate.m; sourceTree = "<group>"; };
		880F6B511D8060E000196090 /* ViewController.h */ = {isa = PBXFileReference; lastKnownFileType = sourcecode.c.h; path = ViewController.h; sourceTree = "<group>"; };
		880F6B521D8060E000196090 /* ViewController.m */ = {isa = PBXFileReference; lastKnownFileType = sourcecode.c.objc; path = ViewController.m; sourceTree = "<group>"; };
		880F6B551D8060E000196090 /* Base */ = {isa = PBXFileReference; lastKnownFileType = file.storyboard; name = Base; path = Base.lproj/Main.storyboard; sourceTree = "<group>"; };
		880F6B581D8060E000196090 /* Kouleur.xcdatamodel */ = {isa = PBXFileReference; lastKnownFileType = wrapper.xcdatamodel; path = Kouleur.xcdatamodel; sourceTree = "<group>"; };
		880F6B5A1D8060E000196090 /* Assets.xcassets */ = {isa = PBXFileReference; lastKnownFileType = folder.assetcatalog; path = Assets.xcassets; sourceTree = "<group>"; };
		880F6B5D1D8060E000196090 /* Base */ = {isa = PBXFileReference; lastKnownFileType = file.storyboard; name = Base; path = Base.lproj/LaunchScreen.storyboard; sourceTree = "<group>"; };
		880F6B5F1D8060E000196090 /* Info.plist */ = {isa = PBXFileReference; lastKnownFileType = text.plist.xml; path = Info.plist; sourceTree = "<group>"; };
		880F6B641D8060E000196090 /* KouleurTests.xctest */ = {isa = PBXFileReference; explicitFileType = wrapper.cfbundle; includeInIndex = 0; path = KouleurTests.xctest; sourceTree = BUILT_PRODUCTS_DIR; };
		880F6B681D8060E000196090 /* KouleurTests.m */ = {isa = PBXFileReference; lastKnownFileType = sourcecode.c.objc; path = KouleurTests.m; sourceTree = "<group>"; };
		880F6B6A1D8060E000196090 /* Info.plist */ = {isa = PBXFileReference; lastKnownFileType = text.plist.xml; path = Info.plist; sourceTree = "<group>"; };
		880F6B6F1D8060E000196090 /* KouleurUITests.xctest */ = {isa = PBXFileReference; explicitFileType = wrapper.cfbundle; includeInIndex = 0; path = KouleurUITests.xctest; sourceTree = BUILT_PRODUCTS_DIR; };
		880F6B731D8060E000196090 /* KouleurUITests.m */ = {isa = PBXFileReference; lastKnownFileType = sourcecode.c.objc; path = KouleurUITests.m; sourceTree = "<group>"; };
		880F6B751D8060E100196090 /* Info.plist */ = {isa = PBXFileReference; lastKnownFileType = text.plist.xml; path = Info.plist; sourceTree = "<group>"; };
		880F6B971D80C3C400196090 /* cameraFocusSquaree.h */ = {isa = PBXFileReference; fileEncoding = 4; lastKnownFileType = sourcecode.c.h; path = cameraFocusSquaree.h; sourceTree = "<group>"; };
		880F6B981D80C3C400196090 /* cameraFocusSquaree.m */ = {isa = PBXFileReference; fileEncoding = 4; lastKnownFileType = sourcecode.c.objc; path = cameraFocusSquaree.m; sourceTree = "<group>"; };
		884B9A961DA4050C00F62390 /* AlbumsTableViewController.h */ = {isa = PBXFileReference; fileEncoding = 4; lastKnownFileType = sourcecode.c.h; path = AlbumsTableViewController.h; sourceTree = "<group>"; };
		884B9A971DA4050C00F62390 /* AlbumsTableViewController.m */ = {isa = PBXFileReference; fileEncoding = 4; lastKnownFileType = sourcecode.c.objc; path = AlbumsTableViewController.m; sourceTree = "<group>"; };
		884B9A9A1DA40E4100F62390 /* PhotosViewController.h */ = {isa = PBXFileReference; fileEncoding = 4; lastKnownFileType = sourcecode.c.h; path = PhotosViewController.h; sourceTree = "<group>"; };
		884B9A9B1DA40E4100F62390 /* PhotosViewController.m */ = {isa = PBXFileReference; fileEncoding = 4; lastKnownFileType = sourcecode.c.objc; path = PhotosViewController.m; sourceTree = "<group>"; };
		884B9A9F1DA40EF600F62390 /* PhotosCell.h */ = {isa = PBXFileReference; fileEncoding = 4; lastKnownFileType = sourcecode.c.h; path = PhotosCell.h; sourceTree = "<group>"; };
		884B9AA01DA40EF600F62390 /* PhotosCell.m */ = {isa = PBXFileReference; fileEncoding = 4; lastKnownFileType = sourcecode.c.objc; path = PhotosCell.m; sourceTree = "<group>"; };
		884B9AA31DA41F1900F62390 /* ConfirmViewController.h */ = {isa = PBXFileReference; fileEncoding = 4; lastKnownFileType = sourcecode.c.h; path = ConfirmViewController.h; sourceTree = "<group>"; };
		884B9AA41DA41F1900F62390 /* ConfirmViewController.m */ = {isa = PBXFileReference; fileEncoding = 4; lastKnownFileType = sourcecode.c.objc; path = ConfirmViewController.m; sourceTree = "<group>"; };
		884B9AA71DA41F7900F62390 /* roundedButton.h */ = {isa = PBXFileReference; fileEncoding = 4; lastKnownFileType = sourcecode.c.h; path = roundedButton.h; sourceTree = "<group>"; };
		884B9AA81DA41F7900F62390 /* roundedButton.m */ = {isa = PBXFileReference; fileEncoding = 4; lastKnownFileType = sourcecode.c.objc; path = roundedButton.m; sourceTree = "<group>"; };
		884B9AAA1DA43EDC00F62390 /* EditingViewController.h */ = {isa = PBXFileReference; fileEncoding = 4; lastKnownFileType = sourcecode.c.h; path = EditingViewController.h; sourceTree = "<group>"; };
		884B9AAB1DA43EDC00F62390 /* EditingViewController.m */ = {isa = PBXFileReference; fileEncoding = 4; lastKnownFileType = sourcecode.c.objc; path = EditingViewController.m; sourceTree = "<group>"; };
		885871C71DB6E22B006250C4 /* CamViewController.h */ = {isa = PBXFileReference; fileEncoding = 4; lastKnownFileType = sourcecode.c.h; path = CamViewController.h; sourceTree = "<group>"; };
		885871C81DB6E22B006250C4 /* CamViewController.m */ = {isa = PBXFileReference; fileEncoding = 4; lastKnownFileType = sourcecode.c.objc; path = CamViewController.m; sourceTree = "<group>"; };
		885871C91DB6E22B006250C4 /* CamViewController.xib */ = {isa = PBXFileReference; fileEncoding = 4; lastKnownFileType = file.xib; path = CamViewController.xib; sourceTree = "<group>"; };
		885871CD1DB6E357006250C4 /* IntroViewController.h */ = {isa = PBXFileReference; fileEncoding = 4; lastKnownFileType = sourcecode.c.h; path = IntroViewController.h; sourceTree = "<group>"; };
		885871CE1DB6E357006250C4 /* IntroViewController.m */ = {isa = PBXFileReference; fileEncoding = 4; lastKnownFileType = sourcecode.c.objc; path = IntroViewController.m; sourceTree = "<group>"; };
		885871CF1DB6E357006250C4 /* IntroViewController.xib */ = {isa = PBXFileReference; fileEncoding = 4; lastKnownFileType = file.xib; path = IntroViewController.xib; sourceTree = "<group>"; };
		88633ABB1DAF14F80097B617 /* ColorsViewController.h */ = {isa = PBXFileReference; fileEncoding = 4; lastKnownFileType = sourcecode.c.h; path = ColorsViewController.h; sourceTree = "<group>"; };
		88633ABC1DAF14F80097B617 /* ColorsViewController.m */ = {isa = PBXFileReference; fileEncoding = 4; lastKnownFileType = sourcecode.c.objc; path = ColorsViewController.m; sourceTree = "<group>"; };
		887AB5F91DB0683900A3026C /* ColorsCollectionViewCell.h */ = {isa = PBXFileReference; fileEncoding = 4; lastKnownFileType = sourcecode.c.h; path = ColorsCollectionViewCell.h; sourceTree = "<group>"; };
		887AB5FA1DB0683900A3026C /* ColorsCollectionViewCell.m */ = {isa = PBXFileReference; fileEncoding = 4; lastKnownFileType = sourcecode.c.objc; path = ColorsCollectionViewCell.m; sourceTree = "<group>"; };
		8896D6611DB55C95000B53F0 /* GPUImage.framework */ = {isa = PBXFileReference; lastKnownFileType = wrapper.framework; name = GPUImage.framework; path = "Pods/../build/Debug-iphoneos/GPUImage.framework"; sourceTree = "<group>"; };
		8896D6631DB55CF8000B53F0 /* CoreMedia.framework */ = {isa = PBXFileReference; lastKnownFileType = wrapper.framework; name = CoreMedia.framework; path = System/Library/Frameworks/CoreMedia.framework; sourceTree = SDKROOT; };
		8896D6651DB55D01000B53F0 /* CoreVideo.framework */ = {isa = PBXFileReference; lastKnownFileType = wrapper.framework; name = CoreVideo.framework; path = System/Library/Frameworks/CoreVideo.framework; sourceTree = SDKROOT; };
		8896D6671DB55D0B000B53F0 /* OpenGLES.framework */ = {isa = PBXFileReference; lastKnownFileType = wrapper.framework; name = OpenGLES.framework; path = System/Library/Frameworks/OpenGLES.framework; sourceTree = SDKROOT; };
		8896D6691DB55D15000B53F0 /* AVFoundation.framework */ = {isa = PBXFileReference; lastKnownFileType = wrapper.framework; name = AVFoundation.framework; path = System/Library/Frameworks/AVFoundation.framework; sourceTree = SDKROOT; };
		8896D66B1DB55D1A000B53F0 /* QuartzCore.framework */ = {isa = PBXFileReference; lastKnownFileType = wrapper.framework; name = QuartzCore.framework; path = System/Library/Frameworks/QuartzCore.framework; sourceTree = SDKROOT; };
		8896D6721DB5F6FC000B53F0 /* ShareViewController.h */ = {isa = PBXFileReference; fileEncoding = 4; lastKnownFileType = sourcecode.c.h; path = ShareViewController.h; sourceTree = "<group>"; };
		8896D6731DB5F6FC000B53F0 /* ShareViewController.m */ = {isa = PBXFileReference; fileEncoding = 4; lastKnownFileType = sourcecode.c.objc; path = ShareViewController.m; sourceTree = "<group>"; };
		C09C2A2F1EE2C886D5D064BF /* Pods-Kouleur.debug.xcconfig */ = {isa = PBXFileReference; includeInIndex = 1; lastKnownFileType = text.xcconfig; name = "Pods-Kouleur.debug.xcconfig"; path = "Pods/Target Support Files/Pods-Kouleur/Pods-Kouleur.debug.xcconfig"; sourceTree = "<group>"; };
		D53D1091FBADC1CA1B296EF6 /* Pods_Kouleur.framework */ = {isa = PBXFileReference; explicitFileType = wrapper.framework; includeInIndex = 0; path = Pods_Kouleur.framework; sourceTree = BUILT_PRODUCTS_DIR; };
/* End PBXFileReference section */

/* Begin PBXFrameworksBuildPhase section */
		880F6B451D8060DF00196090 /* Frameworks */ = {
			isa = PBXFrameworksBuildPhase;
			buildActionMask = 2147483647;
			files = (
				8896D66C1DB55D1A000B53F0 /* QuartzCore.framework in Frameworks */,
				8896D66A1DB55D15000B53F0 /* AVFoundation.framework in Frameworks */,
				8896D6681DB55D0B000B53F0 /* OpenGLES.framework in Frameworks */,
				8896D6661DB55D01000B53F0 /* CoreVideo.framework in Frameworks */,
				8896D6641DB55CF8000B53F0 /* CoreMedia.framework in Frameworks */,
				8896D6621DB55C95000B53F0 /* GPUImage.framework in Frameworks */,
				92DDC49F7992809A8294DAEA /* Pods_Kouleur.framework in Frameworks */,
			);
			runOnlyForDeploymentPostprocessing = 0;
		};
		880F6B611D8060E000196090 /* Frameworks */ = {
			isa = PBXFrameworksBuildPhase;
			buildActionMask = 2147483647;
			files = (
			);
			runOnlyForDeploymentPostprocessing = 0;
		};
		880F6B6C1D8060E000196090 /* Frameworks */ = {
			isa = PBXFrameworksBuildPhase;
			buildActionMask = 2147483647;
			files = (
			);
			runOnlyForDeploymentPostprocessing = 0;
		};
/* End PBXFrameworksBuildPhase section */

/* Begin PBXGroup section */
		880F6B3F1D8060DF00196090 = {
			isa = PBXGroup;
			children = (
				880F6B4A1D8060E000196090 /* Kouleur */,
				880F6B671D8060E000196090 /* KouleurTests */,
				880F6B721D8060E000196090 /* KouleurUITests */,
				880F6B491D8060DF00196090 /* Products */,
				FAD01347B64D608F90E10F51 /* Pods */,
				E054857B1C7621F244C56003 /* Frameworks */,
			);
			sourceTree = "<group>";
		};
		880F6B491D8060DF00196090 /* Products */ = {
			isa = PBXGroup;
			children = (
				880F6B481D8060DF00196090 /* Kouleur.app */,
				880F6B641D8060E000196090 /* KouleurTests.xctest */,
				880F6B6F1D8060E000196090 /* KouleurUITests.xctest */,
			);
			name = Products;
			sourceTree = "<group>";
		};
		880F6B4A1D8060E000196090 /* Kouleur */ = {
			isa = PBXGroup;
			children = (
				880F6B4E1D8060E000196090 /* AppDelegate.h */,
				880F6B4F1D8060E000196090 /* AppDelegate.m */,
				880F6B961D806FCF00196090 /* Model */,
				880F6B951D806FC500196090 /* View */,
				880F6B941D806FBD00196090 /* Controller */,
				880F6B541D8060E000196090 /* Main.storyboard */,
				880F6B5A1D8060E000196090 /* Assets.xcassets */,
				880F6B5C1D8060E000196090 /* LaunchScreen.storyboard */,
				880F6B5F1D8060E000196090 /* Info.plist */,
				880F6B571D8060E000196090 /* Kouleur.xcdatamodeld */,
				880F6B4B1D8060E000196090 /* Supporting Files */,
			);
			path = Kouleur;
			sourceTree = "<group>";
		};
		880F6B4B1D8060E000196090 /* Supporting Files */ = {
			isa = PBXGroup;
			children = (
				880F6B4C1D8060E000196090 /* main.m */,
			);
			name = "Supporting Files";
			sourceTree = "<group>";
		};
		880F6B671D8060E000196090 /* KouleurTests */ = {
			isa = PBXGroup;
			children = (
				880F6B681D8060E000196090 /* KouleurTests.m */,
				880F6B6A1D8060E000196090 /* Info.plist */,
			);
			path = KouleurTests;
			sourceTree = "<group>";
		};
		880F6B721D8060E000196090 /* KouleurUITests */ = {
			isa = PBXGroup;
			children = (
				880F6B731D8060E000196090 /* KouleurUITests.m */,
				880F6B751D8060E100196090 /* Info.plist */,
			);
			path = KouleurUITests;
			sourceTree = "<group>";
		};
		880F6B931D806FA700196090 /* MainViewController */ = {
			isa = PBXGroup;
			children = (
				880F6B511D8060E000196090 /* ViewController.h */,
				880F6B521D8060E000196090 /* ViewController.m */,
			);
			name = MainViewController;
			sourceTree = "<group>";
		};
		880F6B941D806FBD00196090 /* Controller */ = {
			isa = PBXGroup;
			children = (
				880F6B931D806FA700196090 /* MainViewController */,
				884B9A991DA4075100F62390 /* AlbumsViewController */,
				884B9A9D1DA40E4600F62390 /* PhotosViewController */,
				884B9AA61DA41F1E00F62390 /* ConfirmViewController */,
				884B9AAD1DA43EEB00F62390 /* EditingViewController */,
				88633ABE1DAF15080097B617 /* ColorsViewController */,
				8896D6751DB5F702000B53F0 /* ShareViewController */,
				885871CC1DB6E231006250C4 /* camViewController */,
				885871D21DB6E35B006250C4 /* IntroViewController */,
			);
			name = Controller;
			sourceTree = "<group>";
		};
		880F6B951D806FC500196090 /* View */ = {
			isa = PBXGroup;
			children = (
				884B9A9E1DA40ED000F62390 /* CameraSquare */,
				884B9AA21DA40EFC00F62390 /* PhotosCell */,
				887AB5FC1DB0684100A3026C /* ColorsCell */,
			);
			name = View;
			sourceTree = "<group>";
		};
		880F6B961D806FCF00196090 /* Model */ = {
			isa = PBXGroup;
			children = (
				884B9AA71DA41F7900F62390 /* roundedButton.h */,
				884B9AA81DA41F7900F62390 /* roundedButton.m */,
			);
			name = Model;
			sourceTree = "<group>";
		};
		884B9A991DA4075100F62390 /* AlbumsViewController */ = {
			isa = PBXGroup;
			children = (
				884B9A961DA4050C00F62390 /* AlbumsTableViewController.h */,
				884B9A971DA4050C00F62390 /* AlbumsTableViewController.m */,
			);
			name = AlbumsViewController;
			sourceTree = "<group>";
		};
		884B9A9D1DA40E4600F62390 /* PhotosViewController */ = {
			isa = PBXGroup;
			children = (
				884B9A9A1DA40E4100F62390 /* PhotosViewController.h */,
				884B9A9B1DA40E4100F62390 /* PhotosViewController.m */,
			);
			name = PhotosViewController;
			sourceTree = "<group>";
		};
		884B9A9E1DA40ED000F62390 /* CameraSquare */ = {
			isa = PBXGroup;
			children = (
				880F6B971D80C3C400196090 /* cameraFocusSquaree.h */,
				880F6B981D80C3C400196090 /* cameraFocusSquaree.m */,
			);
			name = CameraSquare;
			sourceTree = "<group>";
		};
		884B9AA21DA40EFC00F62390 /* PhotosCell */ = {
			isa = PBXGroup;
			children = (
				884B9A9F1DA40EF600F62390 /* PhotosCell.h */,
				884B9AA01DA40EF600F62390 /* PhotosCell.m */,
			);
			name = PhotosCell;
			sourceTree = "<group>";
		};
		884B9AA61DA41F1E00F62390 /* ConfirmViewController */ = {
			isa = PBXGroup;
			children = (
				884B9AA31DA41F1900F62390 /* ConfirmViewController.h */,
				884B9AA41DA41F1900F62390 /* ConfirmViewController.m */,
			);
			name = ConfirmViewController;
			sourceTree = "<group>";
		};
		884B9AAD1DA43EEB00F62390 /* EditingViewController */ = {
			isa = PBXGroup;
			children = (
				884B9AAA1DA43EDC00F62390 /* EditingViewController.h */,
				884B9AAB1DA43EDC00F62390 /* EditingViewController.m */,
			);
			name = EditingViewController;
			sourceTree = "<group>";
		};
		885871CC1DB6E231006250C4 /* camViewController */ = {
			isa = PBXGroup;
			children = (
				885871C71DB6E22B006250C4 /* CamViewController.h */,
				885871C81DB6E22B006250C4 /* CamViewController.m */,
				885871C91DB6E22B006250C4 /* CamViewController.xib */,
			);
			name = camViewController;
			sourceTree = "<group>";
		};
		885871D21DB6E35B006250C4 /* IntroViewController */ = {
			isa = PBXGroup;
			children = (
				885871CD1DB6E357006250C4 /* IntroViewController.h */,
				885871CE1DB6E357006250C4 /* IntroViewController.m */,
				885871CF1DB6E357006250C4 /* IntroViewController.xib */,
			);
			name = IntroViewController;
			sourceTree = "<group>";
		};
		88633ABE1DAF15080097B617 /* ColorsViewController */ = {
			isa = PBXGroup;
			children = (
				88633ABB1DAF14F80097B617 /* ColorsViewController.h */,
				88633ABC1DAF14F80097B617 /* ColorsViewController.m */,
			);
			name = ColorsViewController;
			sourceTree = "<group>";
		};
		887AB5FC1DB0684100A3026C /* ColorsCell */ = {
			isa = PBXGroup;
			children = (
				887AB5F91DB0683900A3026C /* ColorsCollectionViewCell.h */,
				887AB5FA1DB0683900A3026C /* ColorsCollectionViewCell.m */,
			);
			name = ColorsCell;
			sourceTree = "<group>";
		};
		8896D6751DB5F702000B53F0 /* ShareViewController */ = {
			isa = PBXGroup;
			children = (
				8896D6721DB5F6FC000B53F0 /* ShareViewController.h */,
				8896D6731DB5F6FC000B53F0 /* ShareViewController.m */,
			);
			name = ShareViewController;
			sourceTree = "<group>";
		};
		E054857B1C7621F244C56003 /* Frameworks */ = {
			isa = PBXGroup;
			children = (
				8896D66B1DB55D1A000B53F0 /* QuartzCore.framework */,
				8896D6691DB55D15000B53F0 /* AVFoundation.framework */,
				8896D6671DB55D0B000B53F0 /* OpenGLES.framework */,
				8896D6651DB55D01000B53F0 /* CoreVideo.framework */,
				8896D6631DB55CF8000B53F0 /* CoreMedia.framework */,
				8896D6611DB55C95000B53F0 /* GPUImage.framework */,
				D53D1091FBADC1CA1B296EF6 /* Pods_Kouleur.framework */,
			);
			name = Frameworks;
			sourceTree = "<group>";
		};
		FAD01347B64D608F90E10F51 /* Pods */ = {
			isa = PBXGroup;
			children = (
				C09C2A2F1EE2C886D5D064BF /* Pods-Kouleur.debug.xcconfig */,
				3CC11A16A4343F8B9A70B7B6 /* Pods-Kouleur.release.xcconfig */,
			);
			name = Pods;
			sourceTree = "<group>";
		};
/* End PBXGroup section */

/* Begin PBXNativeTarget section */
		880F6B471D8060DF00196090 /* Kouleur */ = {
			isa = PBXNativeTarget;
			buildConfigurationList = 880F6B781D8060E100196090 /* Build configuration list for PBXNativeTarget "Kouleur" */;
			buildPhases = (
				B069D9C66029B92105752B97 /* Check Pods Manifest.lock */,
				880F6B441D8060DF00196090 /* Sources */,
				880F6B451D8060DF00196090 /* Frameworks */,
				880F6B461D8060DF00196090 /* Resources */,
				EDAFE5C83FD5C9984CE48C01 /* Embed Pods Frameworks */,
				F4FD3C83CED7212CC7750F1C /* Copy Pods Resources */,
			);
			buildRules = (
			);
			dependencies = (
			);
			name = Kouleur;
			productName = Kouleur;
			productReference = 880F6B481D8060DF00196090 /* Kouleur.app */;
			productType = "com.apple.product-type.application";
		};
		880F6B631D8060E000196090 /* KouleurTests */ = {
			isa = PBXNativeTarget;
			buildConfigurationList = 880F6B7B1D8060E100196090 /* Build configuration list for PBXNativeTarget "KouleurTests" */;
			buildPhases = (
				880F6B601D8060E000196090 /* Sources */,
				880F6B611D8060E000196090 /* Frameworks */,
				880F6B621D8060E000196090 /* Resources */,
			);
			buildRules = (
			);
			dependencies = (
				880F6B661D8060E000196090 /* PBXTargetDependency */,
			);
			name = KouleurTests;
			productName = KouleurTests;
			productReference = 880F6B641D8060E000196090 /* KouleurTests.xctest */;
			productType = "com.apple.product-type.bundle.unit-test";
		};
		880F6B6E1D8060E000196090 /* KouleurUITests */ = {
			isa = PBXNativeTarget;
			buildConfigurationList = 880F6B7E1D8060E100196090 /* Build configuration list for PBXNativeTarget "KouleurUITests" */;
			buildPhases = (
				880F6B6B1D8060E000196090 /* Sources */,
				880F6B6C1D8060E000196090 /* Frameworks */,
				880F6B6D1D8060E000196090 /* Resources */,
			);
			buildRules = (
			);
			dependencies = (
				880F6B711D8060E000196090 /* PBXTargetDependency */,
			);
			name = KouleurUITests;
			productName = KouleurUITests;
			productReference = 880F6B6F1D8060E000196090 /* KouleurUITests.xctest */;
			productType = "com.apple.product-type.bundle.ui-testing";
		};
/* End PBXNativeTarget section */

/* Begin PBXProject section */
		880F6B401D8060DF00196090 /* Project object */ = {
			isa = PBXProject;
			attributes = {
				LastUpgradeCheck = 0730;
				ORGANIZATIONNAME = Marshall;
				TargetAttributes = {
					880F6B471D8060DF00196090 = {
						CreatedOnToolsVersion = 7.3.1;
						DevelopmentTeam = 7FJN59S36F;
					};
					880F6B631D8060E000196090 = {
						CreatedOnToolsVersion = 7.3.1;
						TestTargetID = 880F6B471D8060DF00196090;
					};
					880F6B6E1D8060E000196090 = {
						CreatedOnToolsVersion = 7.3.1;
						TestTargetID = 880F6B471D8060DF00196090;
					};
				};
			};
			buildConfigurationList = 880F6B431D8060DF00196090 /* Build configuration list for PBXProject "Kouleur" */;
			compatibilityVersion = "Xcode 3.2";
			developmentRegion = English;
			hasScannedForEncodings = 0;
			knownRegions = (
				en,
				Base,
			);
			mainGroup = 880F6B3F1D8060DF00196090;
			productRefGroup = 880F6B491D8060DF00196090 /* Products */;
			projectDirPath = "";
			projectRoot = "";
			targets = (
				880F6B471D8060DF00196090 /* Kouleur */,
				880F6B631D8060E000196090 /* KouleurTests */,
				880F6B6E1D8060E000196090 /* KouleurUITests */,
			);
		};
/* End PBXProject section */

/* Begin PBXResourcesBuildPhase section */
		880F6B461D8060DF00196090 /* Resources */ = {
			isa = PBXResourcesBuildPhase;
			buildActionMask = 2147483647;
			files = (
				880F6B5E1D8060E000196090 /* LaunchScreen.storyboard in Resources */,
				885871D11DB6E357006250C4 /* IntroViewController.xib in Resources */,
				880F6B5B1D8060E000196090 /* Assets.xcassets in Resources */,
				885871CB1DB6E22B006250C4 /* CamViewController.xib in Resources */,
				880F6B561D8060E000196090 /* Main.storyboard in Resources */,
			);
			runOnlyForDeploymentPostprocessing = 0;
		};
		880F6B621D8060E000196090 /* Resources */ = {
			isa = PBXResourcesBuildPhase;
			buildActionMask = 2147483647;
			files = (
			);
			runOnlyForDeploymentPostprocessing = 0;
		};
		880F6B6D1D8060E000196090 /* Resources */ = {
			isa = PBXResourcesBuildPhase;
			buildActionMask = 2147483647;
			files = (
			);
			runOnlyForDeploymentPostprocessing = 0;
		};
/* End PBXResourcesBuildPhase section */

/* Begin PBXShellScriptBuildPhase section */
		B069D9C66029B92105752B97 /* Check Pods Manifest.lock */ = {
			isa = PBXShellScriptBuildPhase;
			buildActionMask = 2147483647;
			files = (
			);
			inputPaths = (
			);
			name = "Check Pods Manifest.lock";
			outputPaths = (
			);
			runOnlyForDeploymentPostprocessing = 0;
			shellPath = /bin/sh;
			shellScript = "diff \"${PODS_ROOT}/../Podfile.lock\" \"${PODS_ROOT}/Manifest.lock\" > /dev/null\nif [[ $? != 0 ]] ; then\n    cat << EOM\nerror: The sandbox is not in sync with the Podfile.lock. Run 'pod install' or update your CocoaPods installation.\nEOM\n    exit 1\nfi\n";
			showEnvVarsInLog = 0;
		};
		EDAFE5C83FD5C9984CE48C01 /* Embed Pods Frameworks */ = {
			isa = PBXShellScriptBuildPhase;
			buildActionMask = 2147483647;
			files = (
			);
			inputPaths = (
			);
			name = "Embed Pods Frameworks";
			outputPaths = (
			);
			runOnlyForDeploymentPostprocessing = 0;
			shellPath = /bin/sh;
			shellScript = "\"${SRCROOT}/Pods/Target Support Files/Pods-Kouleur/Pods-Kouleur-frameworks.sh\"\n";
			showEnvVarsInLog = 0;
		};
		F4FD3C83CED7212CC7750F1C /* Copy Pods Resources */ = {
			isa = PBXShellScriptBuildPhase;
			buildActionMask = 2147483647;
			files = (
			);
			inputPaths = (
			);
			name = "Copy Pods Resources";
			outputPaths = (
			);
			runOnlyForDeploymentPostprocessing = 0;
			shellPath = /bin/sh;
			shellScript = "\"${SRCROOT}/Pods/Target Support Files/Pods-Kouleur/Pods-Kouleur-resources.sh\"\n";
			showEnvVarsInLog = 0;
		};
/* End PBXShellScriptBuildPhase section */

/* Begin PBXSourcesBuildPhase section */
		880F6B441D8060DF00196090 /* Sources */ = {
			isa = PBXSourcesBuildPhase;
			buildActionMask = 2147483647;
			files = (
				880F6B531D8060E000196090 /* ViewController.m in Sources */,
				884B9AA91DA41F7900F62390 /* roundedButton.m in Sources */,
				880F6B501D8060E000196090 /* AppDelegate.m in Sources */,
				884B9AAC1DA43EDC00F62390 /* EditingViewController.m in Sources */,
				8896D6741DB5F6FD000B53F0 /* ShareViewController.m in Sources */,
				880F6B4D1D8060E000196090 /* main.m in Sources */,
				884B9A9C1DA40E4100F62390 /* PhotosViewController.m in Sources */,
				88633ABD1DAF14F80097B617 /* ColorsViewController.m in Sources */,
				884B9AA11DA40EF600F62390 /* PhotosCell.m in Sources */,
				884B9A981DA4050C00F62390 /* AlbumsTableViewController.m in Sources */,
				885871CA1DB6E22B006250C4 /* CamViewController.m in Sources */,
				885871D01DB6E357006250C4 /* IntroViewController.m in Sources */,
				884B9AA51DA41F1900F62390 /* ConfirmViewController.m in Sources */,
				880F6B991D80C3C400196090 /* cameraFocusSquaree.m in Sources */,
				887AB5FB1DB0683900A3026C /* ColorsCollectionViewCell.m in Sources */,
				880F6B591D8060E000196090 /* Kouleur.xcdatamodeld in Sources */,
			);
			runOnlyForDeploymentPostprocessing = 0;
		};
		880F6B601D8060E000196090 /* Sources */ = {
			isa = PBXSourcesBuildPhase;
			buildActionMask = 2147483647;
			files = (
				880F6B691D8060E000196090 /* KouleurTests.m in Sources */,
			);
			runOnlyForDeploymentPostprocessing = 0;
		};
		880F6B6B1D8060E000196090 /* Sources */ = {
			isa = PBXSourcesBuildPhase;
			buildActionMask = 2147483647;
			files = (
				880F6B741D8060E000196090 /* KouleurUITests.m in Sources */,
			);
			runOnlyForDeploymentPostprocessing = 0;
		};
/* End PBXSourcesBuildPhase section */

/* Begin PBXTargetDependency section */
		880F6B661D8060E000196090 /* PBXTargetDependency */ = {
			isa = PBXTargetDependency;
			target = 880F6B471D8060DF00196090 /* Kouleur */;
			targetProxy = 880F6B651D8060E000196090 /* PBXContainerItemProxy */;
		};
		880F6B711D8060E000196090 /* PBXTargetDependency */ = {
			isa = PBXTargetDependency;
			target = 880F6B471D8060DF00196090 /* Kouleur */;
			targetProxy = 880F6B701D8060E000196090 /* PBXContainerItemProxy */;
		};
/* End PBXTargetDependency section */

/* Begin PBXVariantGroup section */
		880F6B541D8060E000196090 /* Main.storyboard */ = {
			isa = PBXVariantGroup;
			children = (
				880F6B551D8060E000196090 /* Base */,
			);
			name = Main.storyboard;
			sourceTree = "<group>";
		};
		880F6B5C1D8060E000196090 /* LaunchScreen.storyboard */ = {
			isa = PBXVariantGroup;
			children = (
				880F6B5D1D8060E000196090 /* Base */,
			);
			name = LaunchScreen.storyboard;
			sourceTree = "<group>";
		};
/* End PBXVariantGroup section */

/* Begin XCBuildConfiguration section */
		880F6B761D8060E100196090 /* Debug */ = {
			isa = XCBuildConfiguration;
			buildSettings = {
				ALWAYS_SEARCH_USER_PATHS = NO;
				CLANG_ANALYZER_NONNULL = YES;
				CLANG_CXX_LANGUAGE_STANDARD = "gnu++0x";
				CLANG_CXX_LIBRARY = "libc++";
				CLANG_ENABLE_MODULES = YES;
				CLANG_ENABLE_OBJC_ARC = YES;
				CLANG_WARN_BOOL_CONVERSION = YES;
				CLANG_WARN_CONSTANT_CONVERSION = YES;
				CLANG_WARN_DIRECT_OBJC_ISA_USAGE = YES_ERROR;
				CLANG_WARN_EMPTY_BODY = YES;
				CLANG_WARN_ENUM_CONVERSION = YES;
				CLANG_WARN_INT_CONVERSION = YES;
				CLANG_WARN_OBJC_ROOT_CLASS = YES_ERROR;
				CLANG_WARN_UNREACHABLE_CODE = YES;
				CLANG_WARN__DUPLICATE_METHOD_MATCH = YES;
				"CODE_SIGN_IDENTITY[sdk=iphoneos*]" = "iPhone Developer";
				COPY_PHASE_STRIP = NO;
				DEBUG_INFORMATION_FORMAT = dwarf;
				ENABLE_STRICT_OBJC_MSGSEND = YES;
				ENABLE_TESTABILITY = YES;
				GCC_C_LANGUAGE_STANDARD = gnu99;
				GCC_DYNAMIC_NO_PIC = NO;
				GCC_NO_COMMON_BLOCKS = YES;
				GCC_OPTIMIZATION_LEVEL = 0;
				GCC_PREPROCESSOR_DEFINITIONS = (
					"DEBUG=1",
					"$(inherited)",
				);
				GCC_WARN_64_TO_32_BIT_CONVERSION = YES;
				GCC_WARN_ABOUT_RETURN_TYPE = YES_ERROR;
				GCC_WARN_UNDECLARED_SELECTOR = YES;
				GCC_WARN_UNINITIALIZED_AUTOS = YES_AGGRESSIVE;
				GCC_WARN_UNUSED_FUNCTION = YES;
				GCC_WARN_UNUSED_VARIABLE = YES;
				IPHONEOS_DEPLOYMENT_TARGET = 9.3;
				MTL_ENABLE_DEBUG_INFO = YES;
				ONLY_ACTIVE_ARCH = YES;
				SDKROOT = iphoneos;
			};
			name = Debug;
		};
		880F6B771D8060E100196090 /* Release */ = {
			isa = XCBuildConfiguration;
			buildSettings = {
				ALWAYS_SEARCH_USER_PATHS = NO;
				CLANG_ANALYZER_NONNULL = YES;
				CLANG_CXX_LANGUAGE_STANDARD = "gnu++0x";
				CLANG_CXX_LIBRARY = "libc++";
				CLANG_ENABLE_MODULES = YES;
				CLANG_ENABLE_OBJC_ARC = YES;
				CLANG_WARN_BOOL_CONVERSION = YES;
				CLANG_WARN_CONSTANT_CONVERSION = YES;
				CLANG_WARN_DIRECT_OBJC_ISA_USAGE = YES_ERROR;
				CLANG_WARN_EMPTY_BODY = YES;
				CLANG_WARN_ENUM_CONVERSION = YES;
				CLANG_WARN_INT_CONVERSION = YES;
				CLANG_WARN_OBJC_ROOT_CLASS = YES_ERROR;
				CLANG_WARN_UNREACHABLE_CODE = YES;
				CLANG_WARN__DUPLICATE_METHOD_MATCH = YES;
				"CODE_SIGN_IDENTITY[sdk=iphoneos*]" = "iPhone Developer";
				COPY_PHASE_STRIP = NO;
				DEBUG_INFORMATION_FORMAT = "dwarf-with-dsym";
				ENABLE_NS_ASSERTIONS = NO;
				ENABLE_STRICT_OBJC_MSGSEND = YES;
				GCC_C_LANGUAGE_STANDARD = gnu99;
				GCC_NO_COMMON_BLOCKS = YES;
				GCC_WARN_64_TO_32_BIT_CONVERSION = YES;
				GCC_WARN_ABOUT_RETURN_TYPE = YES_ERROR;
				GCC_WARN_UNDECLARED_SELECTOR = YES;
				GCC_WARN_UNINITIALIZED_AUTOS = YES_AGGRESSIVE;
				GCC_WARN_UNUSED_FUNCTION = YES;
				GCC_WARN_UNUSED_VARIABLE = YES;
				IPHONEOS_DEPLOYMENT_TARGET = 9.3;
				MTL_ENABLE_DEBUG_INFO = NO;
				SDKROOT = iphoneos;
				VALIDATE_PRODUCT = YES;
			};
			name = Release;
		};
		880F6B791D8060E100196090 /* Debug */ = {
			isa = XCBuildConfiguration;
			baseConfigurationReference = C09C2A2F1EE2C886D5D064BF /* Pods-Kouleur.debug.xcconfig */;
			buildSettings = {
				ASSETCATALOG_COMPILER_APPICON_NAME = AppIcon;
				CODE_SIGN_IDENTITY = "iPhone Developer";
				"CODE_SIGN_IDENTITY[sdk=iphoneos*]" = "iPhone Developer";
				FRAMEWORK_SEARCH_PATHS = "$(inherited)";
				INFOPLIST_FILE = Kouleur/Info.plist;
				LD_RUNPATH_SEARCH_PATHS = "$(inherited) @executable_path/Frameworks";
				PRODUCT_BUNDLE_IDENTIFIER = com.EliMarsh.Kouleur;
				PRODUCT_NAME = "$(TARGET_NAME)";
				PROVISIONING_PROFILE = "";
			};
			name = Debug;
		};
		880F6B7A1D8060E100196090 /* Release */ = {
			isa = XCBuildConfiguration;
			baseConfigurationReference = 3CC11A16A4343F8B9A70B7B6 /* Pods-Kouleur.release.xcconfig */;
			buildSettings = {
				ASSETCATALOG_COMPILER_APPICON_NAME = AppIcon;
				CODE_SIGN_IDENTITY = "iPhone Developer";
				"CODE_SIGN_IDENTITY[sdk=iphoneos*]" = "iPhone Developer";
				FRAMEWORK_SEARCH_PATHS = "$(inherited)";
				INFOPLIST_FILE = Kouleur/Info.plist;
				LD_RUNPATH_SEARCH_PATHS = "$(inherited) @executable_path/Frameworks";
				PRODUCT_BUNDLE_IDENTIFIER = com.EliMarsh.Kouleur;
				PRODUCT_NAME = "$(TARGET_NAME)";
				PROVISIONING_PROFILE = "";
			};
			name = Release;
		};
		880F6B7C1D8060E100196090 /* Debug */ = {
			isa = XCBuildConfiguration;
			buildSettings = {
				BUNDLE_LOADER = "$(TEST_HOST)";
				INFOPLIST_FILE = KouleurTests/Info.plist;
				LD_RUNPATH_SEARCH_PATHS = "$(inherited) @executable_path/Frameworks @loader_path/Frameworks";
				PRODUCT_BUNDLE_IDENTIFIER = com.EliMarsh.KouleurTests;
				PRODUCT_NAME = "$(TARGET_NAME)";
				TEST_HOST = "$(BUILT_PRODUCTS_DIR)/Kouleur.app/Kouleur";
			};
			name = Debug;
		};
		880F6B7D1D8060E100196090 /* Release */ = {
			isa = XCBuildConfiguration;
			buildSettings = {
				BUNDLE_LOADER = "$(TEST_HOST)";
				INFOPLIST_FILE = KouleurTests/Info.plist;
				LD_RUNPATH_SEARCH_PATHS = "$(inherited) @executable_path/Frameworks @loader_path/Frameworks";
				PRODUCT_BUNDLE_IDENTIFIER = com.EliMarsh.KouleurTests;
				PRODUCT_NAME = "$(TARGET_NAME)";
				TEST_HOST = "$(BUILT_PRODUCTS_DIR)/Kouleur.app/Kouleur";
			};
			name = Release;
		};
		880F6B7F1D8060E100196090 /* Debug */ = {
			isa = XCBuildConfiguration;
			buildSettings = {
				INFOPLIST_FILE = KouleurUITests/Info.plist;
				LD_RUNPATH_SEARCH_PATHS = "$(inherited) @executable_path/Frameworks @loader_path/Frameworks";
				PRODUCT_BUNDLE_IDENTIFIER = com.EliMarsh.KouleurUITests;
				PRODUCT_NAME = "$(TARGET_NAME)";
				TEST_TARGET_NAME = Kouleur;
			};
			name = Debug;
		};
		880F6B801D8060E100196090 /* Release */ = {
			isa = XCBuildConfiguration;
			buildSettings = {
				INFOPLIST_FILE = KouleurUITests/Info.plist;
				LD_RUNPATH_SEARCH_PATHS = "$(inherited) @executable_path/Frameworks @loader_path/Frameworks";
				PRODUCT_BUNDLE_IDENTIFIER = com.EliMarsh.KouleurUITests;
				PRODUCT_NAME = "$(TARGET_NAME)";
				TEST_TARGET_NAME = Kouleur;
			};
			name = Release;
		};
/* End XCBuildConfiguration section */

/* Begin XCConfigurationList section */
		880F6B431D8060DF00196090 /* Build configuration list for PBXProject "Kouleur" */ = {
			isa = XCConfigurationList;
			buildConfigurations = (
				880F6B761D8060E100196090 /* Debug */,
				880F6B771D8060E100196090 /* Release */,
			);
			defaultConfigurationIsVisible = 0;
			defaultConfigurationName = Release;
		};
		880F6B781D8060E100196090 /* Build configuration list for PBXNativeTarget "Kouleur" */ = {
			isa = XCConfigurationList;
			buildConfigurations = (
				880F6B791D8060E100196090 /* Debug */,
				880F6B7A1D8060E100196090 /* Release */,
			);
			defaultConfigurationIsVisible = 0;
			defaultConfigurationName = Release;
		};
		880F6B7B1D8060E100196090 /* Build configuration list for PBXNativeTarget "KouleurTests" */ = {
			isa = XCConfigurationList;
			buildConfigurations = (
				880F6B7C1D8060E100196090 /* Debug */,
				880F6B7D1D8060E100196090 /* Release */,
			);
			defaultConfigurationIsVisible = 0;
			defaultConfigurationName = Release;
		};
		880F6B7E1D8060E100196090 /* Build configuration list for PBXNativeTarget "KouleurUITests" */ = {
			isa = XCConfigurationList;
			buildConfigurations = (
				880F6B7F1D8060E100196090 /* Debug */,
				880F6B801D8060E100196090 /* Release */,
			);
			defaultConfigurationIsVisible = 0;
			defaultConfigurationName = Release;
		};
/* End XCConfigurationList section */

/* Begin XCVersionGroup section */
		880F6B571D8060E000196090 /* Kouleur.xcdatamodeld */ = {
			isa = XCVersionGroup;
			children = (
				880F6B581D8060E000196090 /* Kouleur.xcdatamodel */,
			);
			currentVersion = 880F6B581D8060E000196090 /* Kouleur.xcdatamodel */;
			path = Kouleur.xcdatamodeld;
			sourceTree = "<group>";
			versionGroupType = wrapper.xcdatamodel;
		};
/* End XCVersionGroup section */
	};
	rootObject = 880F6B401D8060DF00196090 /* Project object */;
}
